// !$*UTF8*$!
{
	archiveVersion = 1;
	classes = {
	};
	objectVersion = 46;
	objects = {

/* Begin PBXBuildFile section */
		0290934F19417C7A00A6937F /* main.swift in Sources */ = {isa = PBXBuildFile; fileRef = 0290934E19417C7A00A6937F /* main.swift */; };
/* End PBXBuildFile section */

/* Begin PBXCopyFilesBuildPhase section */
		0290934919417C7A00A6937F /* CopyFiles */ = {
			isa = PBXCopyFilesBuildPhase;
			buildActionMask = 2147483647;
			dstPath = /usr/share/man/man1/;
			dstSubfolderSpec = 0;
			files = (
			);
			runOnlyForDeploymentPostprocessing = 1;
		};
/* End PBXCopyFilesBuildPhase section */

/* Begin PBXFileReference section */
		0290934B19417C7A00A6937F /* PEswift */ = {isa = PBXFileReference; explicitFileType = "compiled.mach-o.executable"; includeInIndex = 0; path = PEswift; sourceTree = BUILT_PRODUCTS_DIR; };
		0290934E19417C7A00A6937F /* main.swift */ = {isa = PBXFileReference; lastKnownFileType = sourcecode.swift; path = main.swift; sourceTree = "<group>"; };
		0290935719417DDC00A6937F /* PEplayground.playground */ = {isa = PBXFileReference; lastKnownFileType = file.playground; path = PEplayground.playground; sourceTree = "<group>"; };
		029093581941EAE600A6937F /* MyPlayground.playground */ = {isa = PBXFileReference; lastKnownFileType = file.playground; name = MyPlayground.playground; path = ../../../../Desktop/MyPlayground.playground; sourceTree = "<group>"; };
/* End PBXFileReference section */

/* Begin PBXFrameworksBuildPhase section */
		0290934819417C7A00A6937F /* Frameworks */ = {
			isa = PBXFrameworksBuildPhase;
			buildActionMask = 2147483647;
			files = (
			);
			runOnlyForDeploymentPostprocessing = 0;
		};
/* End PBXFrameworksBuildPhase section */

/* Begin PBXGroup section */
		0290934219417C7A00A6937F = {
			isa = PBXGroup;
			children = (
				0290934D19417C7A00A6937F /* PEswift */,
				0290934C19417C7A00A6937F /* Products */,
			);
			sourceTree = "<group>";
		};
		0290934C19417C7A00A6937F /* Products */ = {
			isa = PBXGroup;
			children = (
				0290934B19417C7A00A6937F /* PEswift */,
			);
			name = Products;
			sourceTree = "<group>";
		};
		0290934D19417C7A00A6937F /* PEswift */ = {
			isa = PBXGroup;
			children = (
				0290934E19417C7A00A6937F /* main.swift */,
				0290935719417DDC00A6937F /* PEplayground.playground */,
				029093581941EAE600A6937F /* MyPlayground.playground */,
			);
			path = PEswift;
			sourceTree = "<group>";
		};
/* End PBXGroup section */

/* Begin PBXNativeTarget section */
		0290934A19417C7A00A6937F /* PEswift */ = {
			isa = PBXNativeTarget;
			buildConfigurationList = 0290935219417C7A00A6937F /* Build configuration list for PBXNativeTarget "PEswift" */;
			buildPhases = (
				0290934719417C7A00A6937F /* Sources */,
				0290934819417C7A00A6937F /* Frameworks */,
				0290934919417C7A00A6937F /* CopyFiles */,
			);
			buildRules = (
			);
			dependencies = (
			);
			name = PEswift;
			productName = PEswift;
			productReference = 0290934B19417C7A00A6937F /* PEswift */;
			productType = "com.apple.product-type.tool";
		};
/* End PBXNativeTarget section */

/* Begin PBXProject section */
		0290934319417C7A00A6937F /* Project object */ = {
			isa = PBXProject;
			attributes = {
				LastUpgradeCheck = 0600;
				ORGANIZATIONNAME = Cantor;
				TargetAttributes = {
					0290934A19417C7A00A6937F = {
						CreatedOnToolsVersion = 6.0;
					};
				};
			};
			buildConfigurationList = 0290934619417C7A00A6937F /* Build configuration list for PBXProject "PEswift" */;
			compatibilityVersion = "Xcode 3.2";
			developmentRegion = English;
			hasScannedForEncodings = 0;
			knownRegions = (
				en,
			);
			mainGroup = 0290934219417C7A00A6937F;
			productRefGroup = 0290934C19417C7A00A6937F /* Products */;
			projectDirPath = "";
			projectRoot = "";
			targets = (
				0290934A19417C7A00A6937F /* PEswift */,
			);
		};
/* End PBXProject section */

/* Begin PBXSourcesBuildPhase section */
		0290934719417C7A00A6937F /* Sources */ = {
			isa = PBXSourcesBuildPhase;
			buildActionMask = 2147483647;
			files = (
				0290934F19417C7A00A6937F /* main.swift in Sources */,
			);
			runOnlyForDeploymentPostprocessing = 0;
		};
/* End PBXSourcesBuildPhase section */

/* Begin XCBuildConfiguration section */
		0290935019417C7A00A6937F /* Debug */ = {
			isa = XCBuildConfiguration;
			buildSettings = {
				ALWAYS_SEARCH_USER_PATHS = NO;
				CLANG_CXX_LANGUAGE_STANDARD = "gnu++0x";
				CLANG_CXX_LIBRARY = "libc++";
				CLANG_ENABLE_MODULES = YES;
				CLANG_ENABLE_OBJC_ARC = YES;
				CLANG_WARN_BOOL_CONVERSION = YES;
				CLANG_WARN_CONSTANT_CONVERSION = YES;
				CLANG_WARN_DIRECT_OBJC_ISA_USAGE = YES_ERROR;
				CLANG_WARN_EMPTY_BODY = YES;
				CLANG_WARN_ENUM_CONVERSION = YES;
				CLANG_WARN_INT_CONVERSION = YES;
				CLANG_WARN_OBJC_ROOT_CLASS = YES_ERROR;
				CLANG_WARN_UNREACHABLE_CODE = YES;
				CLANG_WARN__DUPLICATE_METHOD_MATCH = YES;
				COPY_PHASE_STRIP = NO;
				ENABLE_STRICT_OBJC_MSGSEND = YES;
				GCC_C_LANGUAGE_STANDARD = gnu99;
				GCC_DYNAMIC_NO_PIC = NO;
				GCC_OPTIMIZATION_LEVEL = 0;
				GCC_PREPROCESSOR_DEFINITIONS = (
					"DEBUG=1",
					"$(inherited)",
				);
				GCC_SYMBOLS_PRIVATE_EXTERN = NO;
				GCC_WARN_64_TO_32_BIT_CONVERSION = YES;
				GCC_WARN_ABOUT_RETURN_TYPE = YES_ERROR;
				GCC_WARN_UNDECLARED_SELECTOR = YES;
				GCC_WARN_UNINITIALIZED_AUTOS = YES_AGGRESSIVE;
				GCC_WARN_UNUSED_FUNCTION = YES;
				GCC_WARN_UNUSED_VARIABLE = YES;
				MACOSX_DEPLOYMENT_TARGET = 10.9;
				METAL_ENABLE_DEBUG_INFO = YES;
				ONLY_ACTIVE_ARCH = YES;
				SDKROOT = macosx;
				SWIFT_OPTIMIZATION_LEVEL = "-Onone";
			};
			name = Debug;
		};
		0290935119417C7A00A6937F /* Release */ = {
			isa = XCBuildConfiguration;
			buildSettings = {
				ALWAYS_SEARCH_USER_PATHS = NO;
				CLANG_CXX_LANGUAGE_STANDARD = "gnu++0x";
				CLANG_CXX_LIBRARY = "libc++";
				CLANG_ENABLE_MODULES = YES;
				CLANG_ENABLE_OBJC_ARC = YES;
				CLANG_WARN_BOOL_CONVERSION = YES;
				CLANG_WARN_CONSTANT_CONVERSION = YES;
				CLANG_WARN_DIRECT_OBJC_ISA_USAGE = YES_ERROR;
				CLANG_WARN_EMPTY_BODY = YES;
				CLANG_WARN_ENUM_CONVERSION = YES;
				CLANG_WARN_INT_CONVERSION = YES;
				CLANG_WARN_OBJC_ROOT_CLASS = YES_ERROR;
				CLANG_WARN_UNREACHABLE_CODE = YES;
				CLANG_WARN__DUPLICATE_METHOD_MATCH = YES;
				COPY_PHASE_STRIP = YES;
				DEBUG_INFORMATION_FORMAT = "dwarf-with-dsym";
				ENABLE_NS_ASSERTIONS = NO;
				ENABLE_STRICT_OBJC_MSGSEND = YES;
				GCC_C_LANGUAGE_STANDARD = gnu99;
				GCC_WARN_64_TO_32_BIT_CONVERSION = YES;
				GCC_WARN_ABOUT_RETURN_TYPE = YES_ERROR;
				GCC_WARN_UNDECLARED_SELECTOR = YES;
				GCC_WARN_UNINITIALIZED_AUTOS = YES_AGGRESSIVE;
				GCC_WARN_UNUSED_FUNCTION = YES;
				GCC_WARN_UNUSED_VARIABLE = YES;
				MACOSX_DEPLOYMENT_TARGET = 10.9;
				METAL_ENABLE_DEBUG_INFO = NO;
				SDKROOT = macosx;
			};
			name = Release;
		};
		0290935319417C7A00A6937F /* Debug */ = {
			isa = XCBuildConfiguration;
			buildSettings = {
				PRODUCT_NAME = "$(TARGET_NAME)";
			};
			name = Debug;
		};
		0290935419417C7A00A6937F /* Release */ = {
			isa = XCBuildConfiguration;
			buildSettings = {
				PRODUCT_NAME = "$(TARGET_NAME)";
			};
			name = Release;
		};
/* End XCBuildConfiguration section */

/* Begin XCConfigurationList section */
		0290934619417C7A00A6937F /* Build configuration list for PBXProject "PEswift" */ = {
			isa = XCConfigurationList;
			buildConfigurations = (
				0290935019417C7A00A6937F /* Debug */,
				0290935119417C7A00A6937F /* Release */,
			);
			defaultConfigurationIsVisible = 0;
			defaultConfigurationName = Release;
		};
		0290935219417C7A00A6937F /* Build configuration list for PBXNativeTarget "PEswift" */ = {
			isa = XCConfigurationList;
			buildConfigurations = (
				0290935319417C7A00A6937F /* Debug */,
				0290935419417C7A00A6937F /* Release */,
			);
			defaultConfigurationIsVisible = 0;
		};
/* End XCConfigurationList section */
	};
	rootObject = 0290934319417C7A00A6937F /* Project object */;
}
